
Microsoft Visual Studio Solution File, Format Version 12.00
# Visual Studio Version 16
VisualStudioVersion = 16.0.31005.135
MinimumVisualStudioVersion = 10.0.40219.1
Project("{FAE04EC0-301F-11D3-BF4B-00C04F79EFBC}") = "ClientServer", "ClientServer\ClientServer.csproj", "{33BA6E80-C55F-4EAC-8AA2-E90A8026E52D}"
EndProject
Project("{FAE04EC0-301F-11D3-BF4B-00C04F79EFBC}") = "DatabaseHost", "DatabaseHost\DatabaseHost.csproj", "{60208684-066F-4923-9AD0-2D7A96FFAFA8}"
EndProject
Project("{FAE04EC0-301F-11D3-BF4B-00C04F79EFBC}") = "ClientDatabase", "ClientDatabase\ClientDatabase.csproj", "{3087D95D-AA52-4497-9C43-30B5515FA02A}"
EndProject
Global
	GlobalSection(SolutionConfigurationPlatforms) = preSolution
		Debug|Any CPU = Debug|Any CPU
		Release|Any CPU = Release|Any CPU
	EndGlobalSection
	GlobalSection(ProjectConfigurationPlatforms) = postSolution
		{33BA6E80-C55F-4EAC-8AA2-E90A8026E52D}.Debug|Any CPU.ActiveCfg = Debug|Any CPU
		{33BA6E80-C55F-4EAC-8AA2-E90A8026E52D}.Debug|Any CPU.Build.0 = Debug|Any CPU
		{33BA6E80-C55F-4EAC-8AA2-E90A8026E52D}.Release|Any CPU.ActiveCfg = Release|Any CPU
		{33BA6E80-C55F-4EAC-8AA2-E90A8026E52D}.Release|Any CPU.Build.0 = Release|Any CPU
		{60208684-066F-4923-9AD0-2D7A96FFAFA8}.Debug|Any CPU.ActiveCfg = Debug|Any CPU
		{60208684-066F-4923-9AD0-2D7A96FFAFA8}.Debug|Any CPU.Build.0 = Debug|Any CPU
		{60208684-066F-4923-9AD0-2D7A96FFAFA8}.Release|Any CPU.ActiveCfg = Release|Any CPU
		{60208684-066F-4923-9AD0-2D7A96FFAFA8}.Release|Any CPU.Build.0 = Release|Any CPU
		{3087D95D-AA52-4497-9C43-30B5515FA02A}.Debug|Any CPU.ActiveCfg = Debug|Any CPU
		{3087D95D-AA52-4497-9C43-30B5515FA02A}.Debug|Any CPU.Build.0 = Debug|Any CPU
		{3087D95D-AA52-4497-9C43-30B5515FA02A}.Release|Any CPU.ActiveCfg = Release|Any CPU
		{3087D95D-AA52-4497-9C43-30B5515FA02A}.Release|Any CPU.Build.0 = Release|Any CPU
	EndGlobalSection
	GlobalSection(SolutionProperties) = preSolution
		HideSolutionNode = FALSE
	EndGlobalSection
	GlobalSection(ExtensibilityGlobals) = postSolution
		SolutionGuid = {638CB5AC-3A8C-4547-979D-5BD1FDCD14BB}
	EndGlobalSection
EndGlobal
